
Microsoft Visual Studio Solution File, Format Version 12.00
# Visual Studio Version 17
VisualStudioVersion = 17.7.34031.279
MinimumVisualStudioVersion = 10.0.40219.1
Project("{9A19103F-16F7-4668-BE54-9A1E7A4F7556}") = "InventoryManagerAPI", "InventoryManagerAPI.csproj", "{8924A1FB-C771-4E08-B049-351CE2B08BD7}"
EndProject
Project("{9A19103F-16F7-4668-BE54-9A1E7A4F7556}") = "InventoryManagerBusiness", "..\InventoryManagerBusiness\InventoryManagerBusiness.csproj", "{1F4212C4-7A84-4A88-809D-8593BFF32DFE}"
EndProject
Project("{9A19103F-16F7-4668-BE54-9A1E7A4F7556}") = "InventoryManagerDataAccess", "..\InventoryManagerDataAccess\InventoryManagerDataAccess.csproj", "{A0B160E9-33C9-48FD-B379-171407B71ED4}"
EndProject
Project("{9A19103F-16F7-4668-BE54-9A1E7A4F7556}") = "InventoryManagerServiceTests", "..\InventoryManagerServiceTests\InventoryManagerServiceTests.csproj", "{BA43F0E6-E447-425C-8766-7D1BF228ED24}"
EndProject
Global
	GlobalSection(SolutionConfigurationPlatforms) = preSolution
		Debug|Any CPU = Debug|Any CPU
		Release|Any CPU = Release|Any CPU
	EndGlobalSection
	GlobalSection(ProjectConfigurationPlatforms) = postSolution
		{8924A1FB-C771-4E08-B049-351CE2B08BD7}.Debug|Any CPU.ActiveCfg = Debug|Any CPU
		{8924A1FB-C771-4E08-B049-351CE2B08BD7}.Debug|Any CPU.Build.0 = Debug|Any CPU
		{8924A1FB-C771-4E08-B049-351CE2B08BD7}.Release|Any CPU.ActiveCfg = Release|Any CPU
		{8924A1FB-C771-4E08-B049-351CE2B08BD7}.Release|Any CPU.Build.0 = Release|Any CPU
		{1F4212C4-7A84-4A88-809D-8593BFF32DFE}.Debug|Any CPU.ActiveCfg = Debug|Any CPU
		{1F4212C4-7A84-4A88-809D-8593BFF32DFE}.Debug|Any CPU.Build.0 = Debug|Any CPU
		{1F4212C4-7A84-4A88-809D-8593BFF32DFE}.Release|Any CPU.ActiveCfg = Release|Any CPU
		{1F4212C4-7A84-4A88-809D-8593BFF32DFE}.Release|Any CPU.Build.0 = Release|Any CPU
		{A0B160E9-33C9-48FD-B379-171407B71ED4}.Debug|Any CPU.ActiveCfg = Debug|Any CPU
		{A0B160E9-33C9-48FD-B379-171407B71ED4}.Debug|Any CPU.Build.0 = Debug|Any CPU
		{A0B160E9-33C9-48FD-B379-171407B71ED4}.Release|Any CPU.ActiveCfg = Release|Any CPU
		{A0B160E9-33C9-48FD-B379-171407B71ED4}.Release|Any CPU.Build.0 = Release|Any CPU
		{BA43F0E6-E447-425C-8766-7D1BF228ED24}.Debug|Any CPU.ActiveCfg = Debug|Any CPU
		{BA43F0E6-E447-425C-8766-7D1BF228ED24}.Debug|Any CPU.Build.0 = Debug|Any CPU
		{BA43F0E6-E447-425C-8766-7D1BF228ED24}.Release|Any CPU.ActiveCfg = Release|Any CPU
		{BA43F0E6-E447-425C-8766-7D1BF228ED24}.Release|Any CPU.Build.0 = Release|Any CPU
	EndGlobalSection
	GlobalSection(SolutionProperties) = preSolution
		HideSolutionNode = FALSE
	EndGlobalSection
	GlobalSection(ExtensibilityGlobals) = postSolution
		SolutionGuid = {00E7BFDE-7EB4-42AB-BE2E-07759DC05836}
	EndGlobalSection
EndGlobal
